
Microsoft Visual Studio Solution File, Format Version 12.00
# Visual Studio Version 16
VisualStudioVersion = 16.0.28809.33
MinimumVisualStudioVersion = 10.0.40219.1
Project("{FAE04EC0-301F-11D3-BF4B-00C04F79EFBC}") = "ClientSide", "ClientSide\ClientSide.csproj", "{CA39A218-7C6A-4792-B330-873EB220DEBA}"
EndProject
Global
	GlobalSection(SolutionConfigurationPlatforms) = preSolution
		Debug|Any CPU = Debug|Any CPU
		Release|Any CPU = Release|Any CPU
	EndGlobalSection
	GlobalSection(ProjectConfigurationPlatforms) = postSolution
		{CA39A218-7C6A-4792-B330-873EB220DEBA}.Debug|Any CPU.ActiveCfg = Debug|Any CPU
		{CA39A218-7C6A-4792-B330-873EB220DEBA}.Debug|Any CPU.Build.0 = Debug|Any CPU
		{CA39A218-7C6A-4792-B330-873EB220DEBA}.Release|Any CPU.ActiveCfg = Release|Any CPU
		{CA39A218-7C6A-4792-B330-873EB220DEBA}.Release|Any CPU.Build.0 = Release|Any CPU
	EndGlobalSection
	GlobalSection(SolutionProperties) = preSolution
		HideSolutionNode = FALSE
	EndGlobalSection
	GlobalSection(ExtensibilityGlobals) = postSolution
		SolutionGuid = {03D598E9-98A1-464D-A02B-67E85B0F15DB}
	EndGlobalSection
EndGlobal
